
Microsoft Visual Studio Solution File, Format Version 12.00
# Visual Studio Version 16
VisualStudioVersion = 16.0.30204.135
MinimumVisualStudioVersion = 10.0.40219.1
Project("{FAE04EC0-301F-11D3-BF4B-00C04F79EFBC}") = "Stiletto", "Stiletto\Stiletto.csproj", "{42428893-8CF1-47C5-AF76-775267E8F2BF}"
EndProject
Global
	GlobalSection(SolutionConfigurationPlatforms) = preSolution
		Debug|Any CPU = Debug|Any CPU
		Release|Any CPU = Release|Any CPU
	EndGlobalSection
	GlobalSection(ProjectConfigurationPlatforms) = postSolution
		{42428893-8CF1-47C5-AF76-775267E8F2BF}.Debug|Any CPU.ActiveCfg = Debug|Any CPU
		{42428893-8CF1-47C5-AF76-775267E8F2BF}.Debug|Any CPU.Build.0 = Debug|Any CPU
		{42428893-8CF1-47C5-AF76-775267E8F2BF}.Release|Any CPU.ActiveCfg = Release|Any CPU
		{42428893-8CF1-47C5-AF76-775267E8F2BF}.Release|Any CPU.Build.0 = Release|Any CPU
	EndGlobalSection
	GlobalSection(SolutionProperties) = preSolution
		HideSolutionNode = FALSE
	EndGlobalSection
	GlobalSection(ExtensibilityGlobals) = postSolution
		SolutionGuid = {56C3C18C-3257-4BC0-A7E5-10CEB92AF5B1}
	EndGlobalSection
EndGlobal
