
Microsoft Visual Studio Solution File, Format Version 12.00
# Visual Studio Version 17
VisualStudioVersion = 17.6.33829.357
MinimumVisualStudioVersion = 10.0.40219.1
Project("{FAE04EC0-301F-11D3-BF4B-00C04F79EFBC}") = "Stiletto.KK", "Stiletto.KK\Stiletto.KK.csproj", "{42428893-8CF1-47C5-AF76-775267E8F2BF}"
EndProject
Project("{9A19103F-16F7-4668-BE54-9A1E7A4F7556}") = "Stiletto.Test", "Stiletto.Test\Stiletto.Test.csproj", "{D00D8151-226E-457F-90EE-088BD9435EFB}"
EndProject
Project("{FAE04EC0-301F-11D3-BF4B-00C04F79EFBC}") = "Stiletto.KKS", "Stiletto.KKS\Stiletto.KKS.csproj", "{4F951C42-0F99-43DD-AB03-9724CE2D2924}"
EndProject
Project("{D954291E-2A0B-460D-934E-DC6B0785DB48}") = "Stiletto.Core", "Stiletto.Core\Stiletto.Core.shproj", "{3CC0EB5C-CBD9-434A-97E2-99369EBB6E0A}"
EndProject
Global
	GlobalSection(SolutionConfigurationPlatforms) = preSolution
		Debug|Any CPU = Debug|Any CPU
		Release|Any CPU = Release|Any CPU
	EndGlobalSection
	GlobalSection(ProjectConfigurationPlatforms) = postSolution
		{42428893-8CF1-47C5-AF76-775267E8F2BF}.Debug|Any CPU.ActiveCfg = Debug|Any CPU
		{42428893-8CF1-47C5-AF76-775267E8F2BF}.Debug|Any CPU.Build.0 = Debug|Any CPU
		{42428893-8CF1-47C5-AF76-775267E8F2BF}.Release|Any CPU.ActiveCfg = Release|Any CPU
		{42428893-8CF1-47C5-AF76-775267E8F2BF}.Release|Any CPU.Build.0 = Release|Any CPU
		{D00D8151-226E-457F-90EE-088BD9435EFB}.Debug|Any CPU.ActiveCfg = Debug|Any CPU
		{D00D8151-226E-457F-90EE-088BD9435EFB}.Debug|Any CPU.Build.0 = Debug|Any CPU
		{D00D8151-226E-457F-90EE-088BD9435EFB}.Release|Any CPU.ActiveCfg = Release|Any CPU
		{D00D8151-226E-457F-90EE-088BD9435EFB}.Release|Any CPU.Build.0 = Release|Any CPU
		{4F951C42-0F99-43DD-AB03-9724CE2D2924}.Debug|Any CPU.ActiveCfg = Debug|Any CPU
		{4F951C42-0F99-43DD-AB03-9724CE2D2924}.Debug|Any CPU.Build.0 = Debug|Any CPU
		{4F951C42-0F99-43DD-AB03-9724CE2D2924}.Release|Any CPU.ActiveCfg = Release|Any CPU
		{4F951C42-0F99-43DD-AB03-9724CE2D2924}.Release|Any CPU.Build.0 = Release|Any CPU
	EndGlobalSection
	GlobalSection(SolutionProperties) = preSolution
		HideSolutionNode = FALSE
	EndGlobalSection
	GlobalSection(ExtensibilityGlobals) = postSolution
		SolutionGuid = {56C3C18C-3257-4BC0-A7E5-10CEB92AF5B1}
	EndGlobalSection
	GlobalSection(SharedMSBuildProjectFiles) = preSolution
		Stiletto.Core\Stiletto.Core.projitems*{3cc0eb5c-cbd9-434a-97e2-99369ebb6e0a}*SharedItemsImports = 13
		Stiletto.Core\Stiletto.Core.projitems*{42428893-8cf1-47c5-af76-775267e8f2bf}*SharedItemsImports = 4
		Stiletto.Core\Stiletto.Core.projitems*{4f951c42-0f99-43dd-ab03-9724ce2d2924}*SharedItemsImports = 4
	EndGlobalSection
EndGlobal
